
Microsoft Visual Studio Solution File, Format Version 12.00
# Visual Studio Version 17
VisualStudioVersion = 17.5.33530.505
MinimumVisualStudioVersion = 10.0.40219.1
Project("{FAE04EC0-301F-11D3-BF4B-00C04F79EFBC}") = "WsApiExamen", "WsApiExamen\WsApiExamen.csproj", "{BE35837B-437A-4929-8EF0-DB0C618B0E59}"
EndProject
Global
	GlobalSection(SolutionConfigurationPlatforms) = preSolution
		Debug|Any CPU = Debug|Any CPU
		Release|Any CPU = Release|Any CPU
	EndGlobalSection
	GlobalSection(ProjectConfigurationPlatforms) = postSolution
		{BE35837B-437A-4929-8EF0-DB0C618B0E59}.Debug|Any CPU.ActiveCfg = Debug|Any CPU
		{BE35837B-437A-4929-8EF0-DB0C618B0E59}.Debug|Any CPU.Build.0 = Debug|Any CPU
		{BE35837B-437A-4929-8EF0-DB0C618B0E59}.Release|Any CPU.ActiveCfg = Release|Any CPU
		{BE35837B-437A-4929-8EF0-DB0C618B0E59}.Release|Any CPU.Build.0 = Release|Any CPU
	EndGlobalSection
	GlobalSection(SolutionProperties) = preSolution
		HideSolutionNode = FALSE
	EndGlobalSection
	GlobalSection(ExtensibilityGlobals) = postSolution
		SolutionGuid = {99AC69BA-627F-4A7B-A0C4-487221673939}
	EndGlobalSection
EndGlobal
